// !$*UTF8*$!
{
	archiveVersion = 1;
	classes = {
	};
	objectVersion = 51;
	objects = {

/* Begin PBXBuildFile section */
		20EE0240111708BC8E2AF759 /* Pods_Reciplease.framework in Frameworks */ = {isa = PBXBuildFile; fileRef = EC6FE8223D60C9DEF9746EBA /* Pods_Reciplease.framework */; };
		9E6839792296D10400DD90E6 /* AppDelegate.swift in Sources */ = {isa = PBXBuildFile; fileRef = 9E6839782296D10400DD90E6 /* AppDelegate.swift */; };
		9E68397B2296D10400DD90E6 /* IngredientViewController.swift in Sources */ = {isa = PBXBuildFile; fileRef = 9E68397A2296D10400DD90E6 /* IngredientViewController.swift */; };
		9E68397E2296D10400DD90E6 /* Main.storyboard in Resources */ = {isa = PBXBuildFile; fileRef = 9E68397C2296D10400DD90E6 /* Main.storyboard */; };
		9E6839802296D10600DD90E6 /* Assets.xcassets in Resources */ = {isa = PBXBuildFile; fileRef = 9E68397F2296D10600DD90E6 /* Assets.xcassets */; };
		9E6839832296D10600DD90E6 /* LaunchScreen.storyboard in Resources */ = {isa = PBXBuildFile; fileRef = 9E6839812296D10600DD90E6 /* LaunchScreen.storyboard */; };
		9E68398E2296D10600DD90E6 /* RecipleaseTests.swift in Sources */ = {isa = PBXBuildFile; fileRef = 9E68398D2296D10600DD90E6 /* RecipleaseTests.swift */; };
		9E68399E2296E22B00DD90E6 /* RecipeResume.xib in Resources */ = {isa = PBXBuildFile; fileRef = 9E68399D2296E22B00DD90E6 /* RecipeResume.xib */; };
		9E6839A02297058800DD90E6 /* RecipeListViewController.swift in Sources */ = {isa = PBXBuildFile; fileRef = 9E68399F2297058800DD90E6 /* RecipeListViewController.swift */; };
		9E6839A22297064800DD90E6 /* RecipeDetailViewController.swift in Sources */ = {isa = PBXBuildFile; fileRef = 9E6839A12297064800DD90E6 /* RecipeDetailViewController.swift */; };
		9E6839A422981B2400DD90E6 /* RecipeService.swift in Sources */ = {isa = PBXBuildFile; fileRef = 9E6839A322981B2400DD90E6 /* RecipeService.swift */; };
		9E6839A6229BC79200DD90E6 /* Recipe.swift in Sources */ = {isa = PBXBuildFile; fileRef = 9E6839A5229BC79200DD90E6 /* Recipe.swift */; };
		9E6839A8229BD89C00DD90E6 /* RecipeTableViewCell.swift in Sources */ = {isa = PBXBuildFile; fileRef = 9E6839A7229BD89C00DD90E6 /* RecipeTableViewCell.swift */; };
		9E6839AA229C064E00DD90E6 /* RecipeResume.swift in Sources */ = {isa = PBXBuildFile; fileRef = 9E6839A9229C064E00DD90E6 /* RecipeResume.swift */; };
		A8D200365347DF947B9D26C4 /* Pods_RecipleaseTests.framework in Frameworks */ = {isa = PBXBuildFile; fileRef = 7BF184AC4760949187CC6CFF /* Pods_RecipleaseTests.framework */; };
/* End PBXBuildFile section */

/* Begin PBXContainerItemProxy section */
		9E68398A2296D10600DD90E6 /* PBXContainerItemProxy */ = {
			isa = PBXContainerItemProxy;
			containerPortal = 9E68396D2296D10300DD90E6 /* Project object */;
			proxyType = 1;
			remoteGlobalIDString = 9E6839742296D10300DD90E6;
			remoteInfo = Reciplease;
		};
/* End PBXContainerItemProxy section */

/* Begin PBXFileReference section */
		1ADE3C3E852E2E4AA09B8228 /* Pods-Reciplease.debug.xcconfig */ = {isa = PBXFileReference; includeInIndex = 1; lastKnownFileType = text.xcconfig; name = "Pods-Reciplease.debug.xcconfig"; path = "Target Support Files/Pods-Reciplease/Pods-Reciplease.debug.xcconfig"; sourceTree = "<group>"; };
		3EBD471CBF0B9AB43083F419 /* Pods-Reciplease.release.xcconfig */ = {isa = PBXFileReference; includeInIndex = 1; lastKnownFileType = text.xcconfig; name = "Pods-Reciplease.release.xcconfig"; path = "Target Support Files/Pods-Reciplease/Pods-Reciplease.release.xcconfig"; sourceTree = "<group>"; };
		4B435683962CA81EAFA93A70 /* Pods-RecipleaseTests.debug.xcconfig */ = {isa = PBXFileReference; includeInIndex = 1; lastKnownFileType = text.xcconfig; name = "Pods-RecipleaseTests.debug.xcconfig"; path = "Target Support Files/Pods-RecipleaseTests/Pods-RecipleaseTests.debug.xcconfig"; sourceTree = "<group>"; };
		7BF184AC4760949187CC6CFF /* Pods_RecipleaseTests.framework */ = {isa = PBXFileReference; explicitFileType = wrapper.framework; includeInIndex = 0; path = Pods_RecipleaseTests.framework; sourceTree = BUILT_PRODUCTS_DIR; };
		9E6839752296D10400DD90E6 /* Reciplease.app */ = {isa = PBXFileReference; explicitFileType = wrapper.application; includeInIndex = 0; path = Reciplease.app; sourceTree = BUILT_PRODUCTS_DIR; };
		9E6839782296D10400DD90E6 /* AppDelegate.swift */ = {isa = PBXFileReference; lastKnownFileType = sourcecode.swift; path = AppDelegate.swift; sourceTree = "<group>"; };
		9E68397A2296D10400DD90E6 /* IngredientViewController.swift */ = {isa = PBXFileReference; lastKnownFileType = sourcecode.swift; path = IngredientViewController.swift; sourceTree = "<group>"; };
		9E68397D2296D10400DD90E6 /* Base */ = {isa = PBXFileReference; lastKnownFileType = file.storyboard; name = Base; path = Base.lproj/Main.storyboard; sourceTree = "<group>"; };
		9E68397F2296D10600DD90E6 /* Assets.xcassets */ = {isa = PBXFileReference; lastKnownFileType = folder.assetcatalog; path = Assets.xcassets; sourceTree = "<group>"; };
		9E6839822296D10600DD90E6 /* Base */ = {isa = PBXFileReference; lastKnownFileType = file.storyboard; name = Base; path = Base.lproj/LaunchScreen.storyboard; sourceTree = "<group>"; };
		9E6839842296D10600DD90E6 /* Info.plist */ = {isa = PBXFileReference; lastKnownFileType = text.plist.xml; path = Info.plist; sourceTree = "<group>"; };
		9E6839892296D10600DD90E6 /* RecipleaseTests.xctest */ = {isa = PBXFileReference; explicitFileType = wrapper.cfbundle; includeInIndex = 0; path = RecipleaseTests.xctest; sourceTree = BUILT_PRODUCTS_DIR; };
		9E68398D2296D10600DD90E6 /* RecipleaseTests.swift */ = {isa = PBXFileReference; lastKnownFileType = sourcecode.swift; path = RecipleaseTests.swift; sourceTree = "<group>"; };
		9E68398F2296D10600DD90E6 /* Info.plist */ = {isa = PBXFileReference; lastKnownFileType = text.plist.xml; path = Info.plist; sourceTree = "<group>"; };
		9E68399D2296E22B00DD90E6 /* RecipeResume.xib */ = {isa = PBXFileReference; lastKnownFileType = file.xib; path = RecipeResume.xib; sourceTree = "<group>"; };
		9E68399F2297058800DD90E6 /* RecipeListViewController.swift */ = {isa = PBXFileReference; lastKnownFileType = sourcecode.swift; path = RecipeListViewController.swift; sourceTree = "<group>"; };
		9E6839A12297064800DD90E6 /* RecipeDetailViewController.swift */ = {isa = PBXFileReference; lastKnownFileType = sourcecode.swift; path = RecipeDetailViewController.swift; sourceTree = "<group>"; };
		9E6839A322981B2400DD90E6 /* RecipeService.swift */ = {isa = PBXFileReference; lastKnownFileType = sourcecode.swift; path = RecipeService.swift; sourceTree = "<group>"; };
		9E6839A5229BC79200DD90E6 /* Recipe.swift */ = {isa = PBXFileReference; lastKnownFileType = sourcecode.swift; path = Recipe.swift; sourceTree = "<group>"; };
		9E6839A7229BD89C00DD90E6 /* RecipeTableViewCell.swift */ = {isa = PBXFileReference; lastKnownFileType = sourcecode.swift; path = RecipeTableViewCell.swift; sourceTree = "<group>"; };
		9E6839A9229C064E00DD90E6 /* RecipeResume.swift */ = {isa = PBXFileReference; lastKnownFileType = sourcecode.swift; path = RecipeResume.swift; sourceTree = "<group>"; };
		E1240DDC659407FB922524F3 /* Pods-RecipleaseTests.release.xcconfig */ = {isa = PBXFileReference; includeInIndex = 1; lastKnownFileType = text.xcconfig; name = "Pods-RecipleaseTests.release.xcconfig"; path = "Target Support Files/Pods-RecipleaseTests/Pods-RecipleaseTests.release.xcconfig"; sourceTree = "<group>"; };
		EC6FE8223D60C9DEF9746EBA /* Pods_Reciplease.framework */ = {isa = PBXFileReference; explicitFileType = wrapper.framework; includeInIndex = 0; path = Pods_Reciplease.framework; sourceTree = BUILT_PRODUCTS_DIR; };
/* End PBXFileReference section */

/* Begin PBXFrameworksBuildPhase section */
		9E6839722296D10300DD90E6 /* Frameworks */ = {
			isa = PBXFrameworksBuildPhase;
			buildActionMask = 2147483647;
			files = (
				20EE0240111708BC8E2AF759 /* Pods_Reciplease.framework in Frameworks */,
			);
			runOnlyForDeploymentPostprocessing = 0;
		};
		9E6839862296D10600DD90E6 /* Frameworks */ = {
			isa = PBXFrameworksBuildPhase;
			buildActionMask = 2147483647;
			files = (
				A8D200365347DF947B9D26C4 /* Pods_RecipleaseTests.framework in Frameworks */,
			);
			runOnlyForDeploymentPostprocessing = 0;
		};
/* End PBXFrameworksBuildPhase section */

/* Begin PBXGroup section */
		575A40CFC1359F48E614F6C0 /* Pods */ = {
			isa = PBXGroup;
			children = (
				1ADE3C3E852E2E4AA09B8228 /* Pods-Reciplease.debug.xcconfig */,
				3EBD471CBF0B9AB43083F419 /* Pods-Reciplease.release.xcconfig */,
				4B435683962CA81EAFA93A70 /* Pods-RecipleaseTests.debug.xcconfig */,
				E1240DDC659407FB922524F3 /* Pods-RecipleaseTests.release.xcconfig */,
			);
			path = Pods;
			sourceTree = "<group>";
		};
		9E68396C2296D10300DD90E6 = {
			isa = PBXGroup;
			children = (
				9E6839772296D10400DD90E6 /* Reciplease */,
				9E68398C2296D10600DD90E6 /* RecipleaseTests */,
				9E6839762296D10400DD90E6 /* Products */,
				575A40CFC1359F48E614F6C0 /* Pods */,
				CBA1B255839A1AFF5E70F529 /* Frameworks */,
			);
			sourceTree = "<group>";
		};
		9E6839762296D10400DD90E6 /* Products */ = {
			isa = PBXGroup;
			children = (
				9E6839752296D10400DD90E6 /* Reciplease.app */,
				9E6839892296D10600DD90E6 /* RecipleaseTests.xctest */,
			);
			name = Products;
			sourceTree = "<group>";
		};
		9E6839772296D10400DD90E6 /* Reciplease */ = {
			isa = PBXGroup;
			children = (
				9E68399C2296D2A500DD90E6 /* Supporting Files */,
				9E68399B2296D29400DD90E6 /* Model */,
				9E68399A2296D28D00DD90E6 /* View */,
				9E6839992296D26D00DD90E6 /* Controller */,
			);
			path = Reciplease;
			sourceTree = "<group>";
		};
		9E68398C2296D10600DD90E6 /* RecipleaseTests */ = {
			isa = PBXGroup;
			children = (
				9E68398D2296D10600DD90E6 /* RecipleaseTests.swift */,
				9E68398F2296D10600DD90E6 /* Info.plist */,
			);
			path = RecipleaseTests;
			sourceTree = "<group>";
		};
		9E6839992296D26D00DD90E6 /* Controller */ = {
			isa = PBXGroup;
			children = (
				9E68397A2296D10400DD90E6 /* IngredientViewController.swift */,
				9E68399F2297058800DD90E6 /* RecipeListViewController.swift */,
				9E6839A12297064800DD90E6 /* RecipeDetailViewController.swift */,
			);
			path = Controller;
			sourceTree = "<group>";
		};
		9E68399A2296D28D00DD90E6 /* View */ = {
			isa = PBXGroup;
			children = (
				9E6839812296D10600DD90E6 /* LaunchScreen.storyboard */,
				9E68397C2296D10400DD90E6 /* Main.storyboard */,
				9E68399D2296E22B00DD90E6 /* RecipeResume.xib */,
				9E6839A7229BD89C00DD90E6 /* RecipeTableViewCell.swift */,
				9E6839A9229C064E00DD90E6 /* RecipeResume.swift */,
			);
			path = View;
			sourceTree = "<group>";
		};
		9E68399B2296D29400DD90E6 /* Model */ = {
			isa = PBXGroup;
			children = (
				9E6839A322981B2400DD90E6 /* RecipeService.swift */,
				9E6839A5229BC79200DD90E6 /* Recipe.swift */,
			);
			path = Model;
			sourceTree = "<group>";
		};
		9E68399C2296D2A500DD90E6 /* Supporting Files */ = {
			isa = PBXGroup;
			children = (
				9E6839782296D10400DD90E6 /* AppDelegate.swift */,
				9E6839842296D10600DD90E6 /* Info.plist */,
				9E68397F2296D10600DD90E6 /* Assets.xcassets */,
			);
			path = "Supporting Files";
			sourceTree = "<group>";
		};
		CBA1B255839A1AFF5E70F529 /* Frameworks */ = {
			isa = PBXGroup;
			children = (
				EC6FE8223D60C9DEF9746EBA /* Pods_Reciplease.framework */,
				7BF184AC4760949187CC6CFF /* Pods_RecipleaseTests.framework */,
			);
			name = Frameworks;
			sourceTree = "<group>";
		};
/* End PBXGroup section */

/* Begin PBXNativeTarget section */
		9E6839742296D10300DD90E6 /* Reciplease */ = {
			isa = PBXNativeTarget;
			buildConfigurationList = 9E6839922296D10600DD90E6 /* Build configuration list for PBXNativeTarget "Reciplease" */;
			buildPhases = (
				CF61167AE044F3B3BF55FF27 /* [CP] Check Pods Manifest.lock */,
				9E6839712296D10300DD90E6 /* Sources */,
				9E6839722296D10300DD90E6 /* Frameworks */,
				9E6839732296D10300DD90E6 /* Resources */,
				9E6839982296D23400DD90E6 /* ShellScript */,
				15173ED19AF2AA43762DB944 /* [CP] Embed Pods Frameworks */,
			);
			buildRules = (
			);
			dependencies = (
			);
			name = Reciplease;
			productName = Reciplease;
			productReference = 9E6839752296D10400DD90E6 /* Reciplease.app */;
			productType = "com.apple.product-type.application";
		};
		9E6839882296D10600DD90E6 /* RecipleaseTests */ = {
			isa = PBXNativeTarget;
			buildConfigurationList = 9E6839952296D10600DD90E6 /* Build configuration list for PBXNativeTarget "RecipleaseTests" */;
			buildPhases = (
				9A6BEA9A1641FB79997E7B90 /* [CP] Check Pods Manifest.lock */,
				9E6839852296D10600DD90E6 /* Sources */,
				9E6839862296D10600DD90E6 /* Frameworks */,
				9E6839872296D10600DD90E6 /* Resources */,
			);
			buildRules = (
			);
			dependencies = (
				9E68398B2296D10600DD90E6 /* PBXTargetDependency */,
			);
			name = RecipleaseTests;
			productName = RecipleaseTests;
			productReference = 9E6839892296D10600DD90E6 /* RecipleaseTests.xctest */;
			productType = "com.apple.product-type.bundle.unit-test";
		};
/* End PBXNativeTarget section */

/* Begin PBXProject section */
		9E68396D2296D10300DD90E6 /* Project object */ = {
			isa = PBXProject;
			attributes = {
				LastSwiftUpdateCheck = 1020;
				LastUpgradeCheck = 1020;
				ORGANIZATIONNAME = "Kévin Courtois";
				TargetAttributes = {
					9E6839742296D10300DD90E6 = {
						CreatedOnToolsVersion = 10.2.1;
					};
					9E6839882296D10600DD90E6 = {
						CreatedOnToolsVersion = 10.2.1;
						TestTargetID = 9E6839742296D10300DD90E6;
					};
				};
			};
			buildConfigurationList = 9E6839702296D10300DD90E6 /* Build configuration list for PBXProject "Reciplease" */;
			compatibilityVersion = "Xcode 9.3";
			developmentRegion = en;
			hasScannedForEncodings = 0;
			knownRegions = (
				en,
				Base,
			);
			mainGroup = 9E68396C2296D10300DD90E6;
			productRefGroup = 9E6839762296D10400DD90E6 /* Products */;
			projectDirPath = "";
			projectRoot = "";
			targets = (
				9E6839742296D10300DD90E6 /* Reciplease */,
				9E6839882296D10600DD90E6 /* RecipleaseTests */,
			);
		};
/* End PBXProject section */

/* Begin PBXResourcesBuildPhase section */
		9E6839732296D10300DD90E6 /* Resources */ = {
			isa = PBXResourcesBuildPhase;
			buildActionMask = 2147483647;
			files = (
				9E6839832296D10600DD90E6 /* LaunchScreen.storyboard in Resources */,
				9E6839802296D10600DD90E6 /* Assets.xcassets in Resources */,
				9E68399E2296E22B00DD90E6 /* RecipeResume.xib in Resources */,
				9E68397E2296D10400DD90E6 /* Main.storyboard in Resources */,
			);
			runOnlyForDeploymentPostprocessing = 0;
		};
		9E6839872296D10600DD90E6 /* Resources */ = {
			isa = PBXResourcesBuildPhase;
			buildActionMask = 2147483647;
			files = (
			);
			runOnlyForDeploymentPostprocessing = 0;
		};
/* End PBXResourcesBuildPhase section */

/* Begin PBXShellScriptBuildPhase section */
		15173ED19AF2AA43762DB944 /* [CP] Embed Pods Frameworks */ = {
			isa = PBXShellScriptBuildPhase;
			buildActionMask = 2147483647;
			files = (
			);
			inputFileListPaths = (
				"${PODS_ROOT}/Target Support Files/Pods-Reciplease/Pods-Reciplease-frameworks-${CONFIGURATION}-input-files.xcfilelist",
			);
			name = "[CP] Embed Pods Frameworks";
			outputFileListPaths = (
				"${PODS_ROOT}/Target Support Files/Pods-Reciplease/Pods-Reciplease-frameworks-${CONFIGURATION}-output-files.xcfilelist",
			);
			runOnlyForDeploymentPostprocessing = 0;
			shellPath = /bin/sh;
			shellScript = "\"${PODS_ROOT}/Target Support Files/Pods-Reciplease/Pods-Reciplease-frameworks.sh\"\n";
			showEnvVarsInLog = 0;
		};
		9A6BEA9A1641FB79997E7B90 /* [CP] Check Pods Manifest.lock */ = {
			isa = PBXShellScriptBuildPhase;
			buildActionMask = 2147483647;
			files = (
			);
			inputFileListPaths = (
			);
			inputPaths = (
				"${PODS_PODFILE_DIR_PATH}/Podfile.lock",
				"${PODS_ROOT}/Manifest.lock",
			);
			name = "[CP] Check Pods Manifest.lock";
			outputFileListPaths = (
			);
			outputPaths = (
				"$(DERIVED_FILE_DIR)/Pods-RecipleaseTests-checkManifestLockResult.txt",
			);
			runOnlyForDeploymentPostprocessing = 0;
			shellPath = /bin/sh;
			shellScript = "diff \"${PODS_PODFILE_DIR_PATH}/Podfile.lock\" \"${PODS_ROOT}/Manifest.lock\" > /dev/null\nif [ $? != 0 ] ; then\n    # print error to STDERR\n    echo \"error: The sandbox is not in sync with the Podfile.lock. Run 'pod install' or update your CocoaPods installation.\" >&2\n    exit 1\nfi\n# This output is used by Xcode 'outputs' to avoid re-running this script phase.\necho \"SUCCESS\" > \"${SCRIPT_OUTPUT_FILE_0}\"\n";
			showEnvVarsInLog = 0;
		};
		9E6839982296D23400DD90E6 /* ShellScript */ = {
			isa = PBXShellScriptBuildPhase;
			buildActionMask = 2147483647;
			files = (
			);
			inputFileListPaths = (
			);
			inputPaths = (
			);
			outputFileListPaths = (
			);
			outputPaths = (
			);
			runOnlyForDeploymentPostprocessing = 0;
			shellPath = /bin/sh;
			shellScript = "if which swiftlint >/dev/null; then\nswiftlint\nelse\necho \"warning: SwiftLint not installed, download from https://github.com/realm/SwiftLint\"\nfi\n";
		};
		CF61167AE044F3B3BF55FF27 /* [CP] Check Pods Manifest.lock */ = {
			isa = PBXShellScriptBuildPhase;
			buildActionMask = 2147483647;
			files = (
			);
			inputFileListPaths = (
			);
			inputPaths = (
				"${PODS_PODFILE_DIR_PATH}/Podfile.lock",
				"${PODS_ROOT}/Manifest.lock",
			);
			name = "[CP] Check Pods Manifest.lock";
			outputFileListPaths = (
			);
			outputPaths = (
				"$(DERIVED_FILE_DIR)/Pods-Reciplease-checkManifestLockResult.txt",
			);
			runOnlyForDeploymentPostprocessing = 0;
			shellPath = /bin/sh;
			shellScript = "diff \"${PODS_PODFILE_DIR_PATH}/Podfile.lock\" \"${PODS_ROOT}/Manifest.lock\" > /dev/null\nif [ $? != 0 ] ; then\n    # print error to STDERR\n    echo \"error: The sandbox is not in sync with the Podfile.lock. Run 'pod install' or update your CocoaPods installation.\" >&2\n    exit 1\nfi\n# This output is used by Xcode 'outputs' to avoid re-running this script phase.\necho \"SUCCESS\" > \"${SCRIPT_OUTPUT_FILE_0}\"\n";
			showEnvVarsInLog = 0;
		};
/* End PBXShellScriptBuildPhase section */

/* Begin PBXSourcesBuildPhase section */
		9E6839712296D10300DD90E6 /* Sources */ = {
			isa = PBXSourcesBuildPhase;
			buildActionMask = 2147483647;
			files = (
				9E68397B2296D10400DD90E6 /* IngredientViewController.swift in Sources */,
				9E6839792296D10400DD90E6 /* AppDelegate.swift in Sources */,
				9E6839A422981B2400DD90E6 /* RecipeService.swift in Sources */,
				9E6839A8229BD89C00DD90E6 /* RecipeTableViewCell.swift in Sources */,
				9E6839A6229BC79200DD90E6 /* Recipe.swift in Sources */,
				9E6839A22297064800DD90E6 /* RecipeDetailViewController.swift in Sources */,
				9E6839AA229C064E00DD90E6 /* RecipeResume.swift in Sources */,
				9E6839A02297058800DD90E6 /* RecipeListViewController.swift in Sources */,
			);
			runOnlyForDeploymentPostprocessing = 0;
		};
		9E6839852296D10600DD90E6 /* Sources */ = {
			isa = PBXSourcesBuildPhase;
			buildActionMask = 2147483647;
			files = (
				9E68398E2296D10600DD90E6 /* RecipleaseTests.swift in Sources */,
			);
			runOnlyForDeploymentPostprocessing = 0;
		};
/* End PBXSourcesBuildPhase section */

/* Begin PBXTargetDependency section */
		9E68398B2296D10600DD90E6 /* PBXTargetDependency */ = {
			isa = PBXTargetDependency;
			target = 9E6839742296D10300DD90E6 /* Reciplease */;
			targetProxy = 9E68398A2296D10600DD90E6 /* PBXContainerItemProxy */;
		};
/* End PBXTargetDependency section */

/* Begin PBXVariantGroup section */
		9E68397C2296D10400DD90E6 /* Main.storyboard */ = {
			isa = PBXVariantGroup;
			children = (
				9E68397D2296D10400DD90E6 /* Base */,
			);
			name = Main.storyboard;
			sourceTree = "<group>";
		};
		9E6839812296D10600DD90E6 /* LaunchScreen.storyboard */ = {
			isa = PBXVariantGroup;
			children = (
				9E6839822296D10600DD90E6 /* Base */,
			);
			name = LaunchScreen.storyboard;
			sourceTree = "<group>";
		};
/* End PBXVariantGroup section */

/* Begin XCBuildConfiguration section */
		9E6839902296D10600DD90E6 /* Debug */ = {
			isa = XCBuildConfiguration;
			buildSettings = {
				ALWAYS_SEARCH_USER_PATHS = NO;
				CLANG_ANALYZER_NONNULL = YES;
				CLANG_ANALYZER_NUMBER_OBJECT_CONVERSION = YES_AGGRESSIVE;
				CLANG_CXX_LANGUAGE_STANDARD = "gnu++14";
				CLANG_CXX_LIBRARY = "libc++";
				CLANG_ENABLE_MODULES = YES;
				CLANG_ENABLE_OBJC_ARC = YES;
				CLANG_ENABLE_OBJC_WEAK = YES;
				CLANG_WARN_BLOCK_CAPTURE_AUTORELEASING = YES;
				CLANG_WARN_BOOL_CONVERSION = YES;
				CLANG_WARN_COMMA = YES;
				CLANG_WARN_CONSTANT_CONVERSION = YES;
				CLANG_WARN_DEPRECATED_OBJC_IMPLEMENTATIONS = YES;
				CLANG_WARN_DIRECT_OBJC_ISA_USAGE = YES_ERROR;
				CLANG_WARN_DOCUMENTATION_COMMENTS = YES;
				CLANG_WARN_EMPTY_BODY = YES;
				CLANG_WARN_ENUM_CONVERSION = YES;
				CLANG_WARN_INFINITE_RECURSION = YES;
				CLANG_WARN_INT_CONVERSION = YES;
				CLANG_WARN_NON_LITERAL_NULL_CONVERSION = YES;
				CLANG_WARN_OBJC_IMPLICIT_RETAIN_SELF = YES;
				CLANG_WARN_OBJC_LITERAL_CONVERSION = YES;
				CLANG_WARN_OBJC_ROOT_CLASS = YES_ERROR;
				CLANG_WARN_RANGE_LOOP_ANALYSIS = YES;
				CLANG_WARN_STRICT_PROTOTYPES = YES;
				CLANG_WARN_SUSPICIOUS_MOVE = YES;
				CLANG_WARN_UNGUARDED_AVAILABILITY = YES_AGGRESSIVE;
				CLANG_WARN_UNREACHABLE_CODE = YES;
				CLANG_WARN__DUPLICATE_METHOD_MATCH = YES;
				CODE_SIGN_IDENTITY = "iPhone Developer";
				COPY_PHASE_STRIP = NO;
				DEBUG_INFORMATION_FORMAT = dwarf;
				ENABLE_STRICT_OBJC_MSGSEND = YES;
				ENABLE_TESTABILITY = YES;
				GCC_C_LANGUAGE_STANDARD = gnu11;
				GCC_DYNAMIC_NO_PIC = NO;
				GCC_NO_COMMON_BLOCKS = YES;
				GCC_OPTIMIZATION_LEVEL = 0;
				GCC_PREPROCESSOR_DEFINITIONS = (
					"DEBUG=1",
					"$(inherited)",
				);
				GCC_WARN_64_TO_32_BIT_CONVERSION = YES;
				GCC_WARN_ABOUT_RETURN_TYPE = YES_ERROR;
				GCC_WARN_UNDECLARED_SELECTOR = YES;
				GCC_WARN_UNINITIALIZED_AUTOS = YES_AGGRESSIVE;
				GCC_WARN_UNUSED_FUNCTION = YES;
				GCC_WARN_UNUSED_VARIABLE = YES;
				IPHONEOS_DEPLOYMENT_TARGET = 11.0;
				MTL_ENABLE_DEBUG_INFO = INCLUDE_SOURCE;
				MTL_FAST_MATH = YES;
				ONLY_ACTIVE_ARCH = YES;
				SDKROOT = iphoneos;
				SWIFT_ACTIVE_COMPILATION_CONDITIONS = DEBUG;
				SWIFT_OPTIMIZATION_LEVEL = "-Onone";
			};
			name = Debug;
		};
		9E6839912296D10600DD90E6 /* Release */ = {
			isa = XCBuildConfiguration;
			buildSettings = {
				ALWAYS_SEARCH_USER_PATHS = NO;
				CLANG_ANALYZER_NONNULL = YES;
				CLANG_ANALYZER_NUMBER_OBJECT_CONVERSION = YES_AGGRESSIVE;
				CLANG_CXX_LANGUAGE_STANDARD = "gnu++14";
				CLANG_CXX_LIBRARY = "libc++";
				CLANG_ENABLE_MODULES = YES;
				CLANG_ENABLE_OBJC_ARC = YES;
				CLANG_ENABLE_OBJC_WEAK = YES;
				CLANG_WARN_BLOCK_CAPTURE_AUTORELEASING = YES;
				CLANG_WARN_BOOL_CONVERSION = YES;
				CLANG_WARN_COMMA = YES;
				CLANG_WARN_CONSTANT_CONVERSION = YES;
				CLANG_WARN_DEPRECATED_OBJC_IMPLEMENTATIONS = YES;
				CLANG_WARN_DIRECT_OBJC_ISA_USAGE = YES_ERROR;
				CLANG_WARN_DOCUMENTATION_COMMENTS = YES;
				CLANG_WARN_EMPTY_BODY = YES;
				CLANG_WARN_ENUM_CONVERSION = YES;
				CLANG_WARN_INFINITE_RECURSION = YES;
				CLANG_WARN_INT_CONVERSION = YES;
				CLANG_WARN_NON_LITERAL_NULL_CONVERSION = YES;
				CLANG_WARN_OBJC_IMPLICIT_RETAIN_SELF = YES;
				CLANG_WARN_OBJC_LITERAL_CONVERSION = YES;
				CLANG_WARN_OBJC_ROOT_CLASS = YES_ERROR;
				CLANG_WARN_RANGE_LOOP_ANALYSIS = YES;
				CLANG_WARN_STRICT_PROTOTYPES = YES;
				CLANG_WARN_SUSPICIOUS_MOVE = YES;
				CLANG_WARN_UNGUARDED_AVAILABILITY = YES_AGGRESSIVE;
				CLANG_WARN_UNREACHABLE_CODE = YES;
				CLANG_WARN__DUPLICATE_METHOD_MATCH = YES;
				CODE_SIGN_IDENTITY = "iPhone Developer";
				COPY_PHASE_STRIP = NO;
				DEBUG_INFORMATION_FORMAT = "dwarf-with-dsym";
				ENABLE_NS_ASSERTIONS = NO;
				ENABLE_STRICT_OBJC_MSGSEND = YES;
				GCC_C_LANGUAGE_STANDARD = gnu11;
				GCC_NO_COMMON_BLOCKS = YES;
				GCC_WARN_64_TO_32_BIT_CONVERSION = YES;
				GCC_WARN_ABOUT_RETURN_TYPE = YES_ERROR;
				GCC_WARN_UNDECLARED_SELECTOR = YES;
				GCC_WARN_UNINITIALIZED_AUTOS = YES_AGGRESSIVE;
				GCC_WARN_UNUSED_FUNCTION = YES;
				GCC_WARN_UNUSED_VARIABLE = YES;
				IPHONEOS_DEPLOYMENT_TARGET = 11.0;
				MTL_ENABLE_DEBUG_INFO = NO;
				MTL_FAST_MATH = YES;
				SDKROOT = iphoneos;
				SWIFT_COMPILATION_MODE = wholemodule;
				SWIFT_OPTIMIZATION_LEVEL = "-O";
				VALIDATE_PRODUCT = YES;
			};
			name = Release;
		};
		9E6839932296D10600DD90E6 /* Debug */ = {
			isa = XCBuildConfiguration;
			baseConfigurationReference = 1ADE3C3E852E2E4AA09B8228 /* Pods-Reciplease.debug.xcconfig */;
			buildSettings = {
				ASSETCATALOG_COMPILER_APPICON_NAME = AppIcon;
				CODE_SIGN_STYLE = Automatic;
				DEVELOPMENT_TEAM = 2746FV37H5;
				INFOPLIST_FILE = "$(SRCROOT)/Reciplease/Supporting Files/Info.plist";
				LD_RUNPATH_SEARCH_PATHS = (
					"$(inherited)",
					"@executable_path/Frameworks",
				);
				PRODUCT_BUNDLE_IDENTIFIER = com.kcourtois.Reciplease;
				PRODUCT_NAME = "$(TARGET_NAME)";
				SWIFT_VERSION = 5.0;
				TARGETED_DEVICE_FAMILY = "1,2";
			};
			name = Debug;
		};
		9E6839942296D10600DD90E6 /* Release */ = {
			isa = XCBuildConfiguration;
			baseConfigurationReference = 3EBD471CBF0B9AB43083F419 /* Pods-Reciplease.release.xcconfig */;
			buildSettings = {
				ASSETCATALOG_COMPILER_APPICON_NAME = AppIcon;
				CODE_SIGN_STYLE = Automatic;
				DEVELOPMENT_TEAM = 2746FV37H5;
				INFOPLIST_FILE = "$(SRCROOT)/Reciplease/Supporting Files/Info.plist";
				LD_RUNPATH_SEARCH_PATHS = (
					"$(inherited)",
					"@executable_path/Frameworks",
				);
				PRODUCT_BUNDLE_IDENTIFIER = com.kcourtois.Reciplease;
				PRODUCT_NAME = "$(TARGET_NAME)";
				SWIFT_VERSION = 5.0;
				TARGETED_DEVICE_FAMILY = "1,2";
			};
			name = Release;
		};
		9E6839962296D10600DD90E6 /* Debug */ = {
			isa = XCBuildConfiguration;
			baseConfigurationReference = 4B435683962CA81EAFA93A70 /* Pods-RecipleaseTests.debug.xcconfig */;
			buildSettings = {
				ALWAYS_EMBED_SWIFT_STANDARD_LIBRARIES = YES;
				BUNDLE_LOADER = "$(TEST_HOST)";
				CODE_SIGN_STYLE = Automatic;
				DEVELOPMENT_TEAM = 2746FV37H5;
				INFOPLIST_FILE = RecipleaseTests/Info.plist;
				LD_RUNPATH_SEARCH_PATHS = (
					"$(inherited)",
					"@executable_path/Frameworks",
					"@loader_path/Frameworks",
				);
				PRODUCT_BUNDLE_IDENTIFIER = com.kcourtois.RecipleaseTests;
				PRODUCT_NAME = "$(TARGET_NAME)";
				SWIFT_VERSION = 5.0;
				TARGETED_DEVICE_FAMILY = "1,2";
				TEST_HOST = "$(BUILT_PRODUCTS_DIR)/Reciplease.app/Reciplease";
			};
			name = Debug;
		};
		9E6839972296D10600DD90E6 /* Release */ = {
			isa = XCBuildConfiguration;
			baseConfigurationReference = E1240DDC659407FB922524F3 /* Pods-RecipleaseTests.release.xcconfig */;
			buildSettings = {
				ALWAYS_EMBED_SWIFT_STANDARD_LIBRARIES = YES;
				BUNDLE_LOADER = "$(TEST_HOST)";
				CODE_SIGN_STYLE = Automatic;
				DEVELOPMENT_TEAM = 2746FV37H5;
				INFOPLIST_FILE = RecipleaseTests/Info.plist;
				LD_RUNPATH_SEARCH_PATHS = (
					"$(inherited)",
					"@executable_path/Frameworks",
					"@loader_path/Frameworks",
				);
				PRODUCT_BUNDLE_IDENTIFIER = com.kcourtois.RecipleaseTests;
				PRODUCT_NAME = "$(TARGET_NAME)";
				SWIFT_VERSION = 5.0;
				TARGETED_DEVICE_FAMILY = "1,2";
				TEST_HOST = "$(BUILT_PRODUCTS_DIR)/Reciplease.app/Reciplease";
			};
			name = Release;
		};
/* End XCBuildConfiguration section */

/* Begin XCConfigurationList section */
		9E6839702296D10300DD90E6 /* Build configuration list for PBXProject "Reciplease" */ = {
			isa = XCConfigurationList;
			buildConfigurations = (
				9E6839902296D10600DD90E6 /* Debug */,
				9E6839912296D10600DD90E6 /* Release */,
			);
			defaultConfigurationIsVisible = 0;
			defaultConfigurationName = Release;
		};
		9E6839922296D10600DD90E6 /* Build configuration list for PBXNativeTarget "Reciplease" */ = {
			isa = XCConfigurationList;
			buildConfigurations = (
				9E6839932296D10600DD90E6 /* Debug */,
				9E6839942296D10600DD90E6 /* Release */,
			);
			defaultConfigurationIsVisible = 0;
			defaultConfigurationName = Release;
		};
		9E6839952296D10600DD90E6 /* Build configuration list for PBXNativeTarget "RecipleaseTests" */ = {
			isa = XCConfigurationList;
			buildConfigurations = (
				9E6839962296D10600DD90E6 /* Debug */,
				9E6839972296D10600DD90E6 /* Release */,
			);
			defaultConfigurationIsVisible = 0;
			defaultConfigurationName = Release;
		};
/* End XCConfigurationList section */
	};
	rootObject = 9E68396D2296D10300DD90E6 /* Project object */;
}
